// !$*UTF8*$!
{
	archiveVersion = 1;
	classes = {
	};
	objectVersion = 54;
	objects = {

/* Begin PBXBuildFile section */
		7050AC52686AA5FA2CC81295 /* Pods_StringReplace.framework in Frameworks */ = {isa = PBXBuildFile; fileRef = EE3244CC59E1249F5188EA25 /* Pods_StringReplace.framework */; };
		96B01BBF28937B7B00601078 /* AppDelegate.m in Sources */ = {isa = PBXBuildFile; fileRef = 96B01BBE28937B7B00601078 /* AppDelegate.m */; };
		96B01BC228937B7B00601078 /* SceneDelegate.m in Sources */ = {isa = PBXBuildFile; fileRef = 96B01BC128937B7B00601078 /* SceneDelegate.m */; };
		96B01BC528937B7B00601078 /* ViewController.m in Sources */ = {isa = PBXBuildFile; fileRef = 96B01BC428937B7B00601078 /* ViewController.m */; };
		96B01BC828937B7B00601078 /* Main.storyboard in Resources */ = {isa = PBXBuildFile; fileRef = 96B01BC628937B7B00601078 /* Main.storyboard */; };
		96B01BCA28937B8000601078 /* Assets.xcassets in Resources */ = {isa = PBXBuildFile; fileRef = 96B01BC928937B8000601078 /* Assets.xcassets */; };
		96B01BCD28937B8000601078 /* LaunchScreen.storyboard in Resources */ = {isa = PBXBuildFile; fileRef = 96B01BCB28937B8000601078 /* LaunchScreen.storyboard */; };
		96B01BD028937B8000601078 /* main.m in Sources */ = {isa = PBXBuildFile; fileRef = 96B01BCF28937B8000601078 /* main.m */; };
/* End PBXBuildFile section */

/* Begin PBXFileReference section */
		119D5594C33D2CB2E4C19F13 /* Pods-StringReplace.debug.xcconfig */ = {isa = PBXFileReference; includeInIndex = 1; lastKnownFileType = text.xcconfig; name = "Pods-StringReplace.debug.xcconfig"; path = "Target Support Files/Pods-StringReplace/Pods-StringReplace.debug.xcconfig"; sourceTree = "<group>"; };
		6F258D2DAB46A177291227B3 /* Pods-StringReplace.release.xcconfig */ = {isa = PBXFileReference; includeInIndex = 1; lastKnownFileType = text.xcconfig; name = "Pods-StringReplace.release.xcconfig"; path = "Target Support Files/Pods-StringReplace/Pods-StringReplace.release.xcconfig"; sourceTree = "<group>"; };
		96B01BBA28937B7B00601078 /* StringReplace.app */ = {isa = PBXFileReference; explicitFileType = wrapper.application; includeInIndex = 0; path = StringReplace.app; sourceTree = BUILT_PRODUCTS_DIR; };
		96B01BBD28937B7B00601078 /* AppDelegate.h */ = {isa = PBXFileReference; lastKnownFileType = sourcecode.c.h; path = AppDelegate.h; sourceTree = "<group>"; };
		96B01BBE28937B7B00601078 /* AppDelegate.m */ = {isa = PBXFileReference; lastKnownFileType = sourcecode.c.objc; path = AppDelegate.m; sourceTree = "<group>"; };
		96B01BC028937B7B00601078 /* SceneDelegate.h */ = {isa = PBXFileReference; lastKnownFileType = sourcecode.c.h; path = SceneDelegate.h; sourceTree = "<group>"; };
		96B01BC128937B7B00601078 /* SceneDelegate.m */ = {isa = PBXFileReference; lastKnownFileType = sourcecode.c.objc; path = SceneDelegate.m; sourceTree = "<group>"; };
		96B01BC328937B7B00601078 /* ViewController.h */ = {isa = PBXFileReference; lastKnownFileType = sourcecode.c.h; path = ViewController.h; sourceTree = "<group>"; };
		96B01BC428937B7B00601078 /* ViewController.m */ = {isa = PBXFileReference; lastKnownFileType = sourcecode.c.objc; path = ViewController.m; sourceTree = "<group>"; };
		96B01BC728937B7B00601078 /* Base */ = {isa = PBXFileReference; lastKnownFileType = file.storyboard; name = Base; path = Base.lproj/Main.storyboard; sourceTree = "<group>"; };
		96B01BC928937B8000601078 /* Assets.xcassets */ = {isa = PBXFileReference; lastKnownFileType = folder.assetcatalog; path = Assets.xcassets; sourceTree = "<group>"; };
		96B01BCC28937B8000601078 /* Base */ = {isa = PBXFileReference; lastKnownFileType = file.storyboard; name = Base; path = Base.lproj/LaunchScreen.storyboard; sourceTree = "<group>"; };
		96B01BCE28937B8000601078 /* Info.plist */ = {isa = PBXFileReference; lastKnownFileType = text.plist.xml; path = Info.plist; sourceTree = "<group>"; };
		96B01BCF28937B8000601078 /* main.m */ = {isa = PBXFileReference; lastKnownFileType = sourcecode.c.objc; path = main.m; sourceTree = "<group>"; };
		EE3244CC59E1249F5188EA25 /* Pods_StringReplace.framework */ = {isa = PBXFileReference; explicitFileType = wrapper.framework; includeInIndex = 0; path = Pods_StringReplace.framework; sourceTree = BUILT_PRODUCTS_DIR; };
/* End PBXFileReference section */

/* Begin PBXFrameworksBuildPhase section */
		96B01BB728937B7B00601078 /* Frameworks */ = {
			isa = PBXFrameworksBuildPhase;
			buildActionMask = 2147483647;
			files = (
				7050AC52686AA5FA2CC81295 /* Pods_StringReplace.framework in Frameworks */,
			);
			runOnlyForDeploymentPostprocessing = 0;
		};
/* End PBXFrameworksBuildPhase section */

/* Begin PBXGroup section */
		96B01BB128937B7B00601078 = {
			isa = PBXGroup;
			children = (
				96B01BBC28937B7B00601078 /* StringReplace */,
				96B01BBB28937B7B00601078 /* Products */,
				E3880434DFBC98337F786065 /* Pods */,
				EF8529F3E1C137D793499979 /* Frameworks */,
			);
			sourceTree = "<group>";
		};
		96B01BBB28937B7B00601078 /* Products */ = {
			isa = PBXGroup;
			children = (
				96B01BBA28937B7B00601078 /* StringReplace.app */,
			);
			name = Products;
			sourceTree = "<group>";
		};
		96B01BBC28937B7B00601078 /* StringReplace */ = {
			isa = PBXGroup;
			children = (
				96B01BBD28937B7B00601078 /* AppDelegate.h */,
				96B01BBE28937B7B00601078 /* AppDelegate.m */,
				96B01BC028937B7B00601078 /* SceneDelegate.h */,
				96B01BC128937B7B00601078 /* SceneDelegate.m */,
				96B01BC328937B7B00601078 /* ViewController.h */,
				96B01BC428937B7B00601078 /* ViewController.m */,
				96B01BC628937B7B00601078 /* Main.storyboard */,
				96B01BC928937B8000601078 /* Assets.xcassets */,
				96B01BCB28937B8000601078 /* LaunchScreen.storyboard */,
				96B01BCE28937B8000601078 /* Info.plist */,
				96B01BCF28937B8000601078 /* main.m */,
			);
			path = StringReplace;
			sourceTree = "<group>";
		};
		E3880434DFBC98337F786065 /* Pods */ = {
			isa = PBXGroup;
			children = (
				119D5594C33D2CB2E4C19F13 /* Pods-StringReplace.debug.xcconfig */,
				6F258D2DAB46A177291227B3 /* Pods-StringReplace.release.xcconfig */,
			);
			name = Pods;
			path = Pods;
			sourceTree = "<group>";
		};
		EF8529F3E1C137D793499979 /* Frameworks */ = {
			isa = PBXGroup;
			children = (
				EE3244CC59E1249F5188EA25 /* Pods_StringReplace.framework */,
			);
			name = Frameworks;
			sourceTree = "<group>";
		};
/* End PBXGroup section */

/* Begin PBXNativeTarget section */
		96B01BB928937B7B00601078 /* StringReplace */ = {
			isa = PBXNativeTarget;
			buildConfigurationList = 96B01BD328937B8000601078 /* Build configuration list for PBXNativeTarget "StringReplace" */;
			buildPhases = (
				EA04D7DED59241B82679DE31 /* [CP] Check Pods Manifest.lock */,
				96B01BB628937B7B00601078 /* Sources */,
				96B01BB728937B7B00601078 /* Frameworks */,
				96B01BB828937B7B00601078 /* Resources */,
				4F09D62900B335C17C79600E /* [CP] Embed Pods Frameworks */,
			);
			buildRules = (
			);
			dependencies = (
			);
			name = StringReplace;
			productName = StringReplace;
			productReference = 96B01BBA28937B7B00601078 /* StringReplace.app */;
			productType = "com.apple.product-type.application";
		};
/* End PBXNativeTarget section */

/* Begin PBXProject section */
		96B01BB228937B7B00601078 /* Project object */ = {
			isa = PBXProject;
			attributes = {
				BuildIndependentTargetsInParallel = 1;
				LastUpgradeCheck = 1340;
				TargetAttributes = {
					96B01BB928937B7B00601078 = {
						CreatedOnToolsVersion = 13.4.1;
					};
				};
			};
			buildConfigurationList = 96B01BB528937B7B00601078 /* Build configuration list for PBXProject "StringReplace" */;
			compatibilityVersion = "Xcode 12.0";
			developmentRegion = en;
			hasScannedForEncodings = 0;
			knownRegions = (
				en,
				Base,
			);
			mainGroup = 96B01BB128937B7B00601078;
			productRefGroup = 96B01BBB28937B7B00601078 /* Products */;
			projectDirPath = "";
			projectRoot = "";
			targets = (
				96B01BB928937B7B00601078 /* StringReplace */,
			);
		};
/* End PBXProject section */

/* Begin PBXResourcesBuildPhase section */
		96B01BB828937B7B00601078 /* Resources */ = {
			isa = PBXResourcesBuildPhase;
			buildActionMask = 2147483647;
			files = (
				96B01BCD28937B8000601078 /* LaunchScreen.storyboard in Resources */,
				96B01BCA28937B8000601078 /* Assets.xcassets in Resources */,
				96B01BC828937B7B00601078 /* Main.storyboard in Resources */,
			);
			runOnlyForDeploymentPostprocessing = 0;
		};
/* End PBXResourcesBuildPhase section */

/* Begin PBXShellScriptBuildPhase section */
		4F09D62900B335C17C79600E /* [CP] Embed Pods Frameworks */ = {
			isa = PBXShellScriptBuildPhase;
			buildActionMask = 2147483647;
			files = (
			);
			inputFileListPaths = (
				"${PODS_ROOT}/Target Support Files/Pods-StringReplace/Pods-StringReplace-frameworks-${CONFIGURATION}-input-files.xcfilelist",
			);
			name = "[CP] Embed Pods Frameworks";
			outputFileListPaths = (
				"${PODS_ROOT}/Target Support Files/Pods-StringReplace/Pods-StringReplace-frameworks-${CONFIGURATION}-output-files.xcfilelist",
			);
			runOnlyForDeploymentPostprocessing = 0;
			shellPath = /bin/sh;
			shellScript = "\"${PODS_ROOT}/Target Support Files/Pods-StringReplace/Pods-StringReplace-frameworks.sh\"\n";
			showEnvVarsInLog = 0;
		};
		EA04D7DED59241B82679DE31 /* [CP] Check Pods Manifest.lock */ = {
			isa = PBXShellScriptBuildPhase;
			buildActionMask = 2147483647;
			files = (
			);
			inputFileListPaths = (
			);
			inputPaths = (
				"${PODS_PODFILE_DIR_PATH}/Podfile.lock",
				"${PODS_ROOT}/Manifest.lock",
			);
			name = "[CP] Check Pods Manifest.lock";
			outputFileListPaths = (
			);
			outputPaths = (
				"$(DERIVED_FILE_DIR)/Pods-StringReplace-checkManifestLockResult.txt",
			);
			runOnlyForDeploymentPostprocessing = 0;
			shellPath = /bin/sh;
			shellScript = "diff \"${PODS_PODFILE_DIR_PATH}/Podfile.lock\" \"${PODS_ROOT}/Manifest.lock\" > /dev/null\nif [ $? != 0 ] ; then\n    # print error to STDERR\n    echo \"error: The sandbox is not in sync with the Podfile.lock. Run 'pod install' or update your CocoaPods installation.\" >&2\n    exit 1\nfi\n# This output is used by Xcode 'outputs' to avoid re-running this script phase.\necho \"SUCCESS\" > \"${SCRIPT_OUTPUT_FILE_0}\"\n";
			showEnvVarsInLog = 0;
		};
/* End PBXShellScriptBuildPhase section */

/* Begin PBXSourcesBuildPhase section */
		96B01BB628937B7B00601078 /* Sources */ = {
			isa = PBXSourcesBuildPhase;
			buildActionMask = 2147483647;
			files = (
				96B01BC528937B7B00601078 /* ViewController.m in Sources */,
				96B01BBF28937B7B00601078 /* AppDelegate.m in Sources */,
				96B01BD028937B8000601078 /* main.m in Sources */,
				96B01BC228937B7B00601078 /* SceneDelegate.m in Sources */,
			);
			runOnlyForDeploymentPostprocessing = 0;
		};
/* End PBXSourcesBuildPhase section */

/* Begin PBXVariantGroup section */
		96B01BC628937B7B00601078 /* Main.storyboard */ = {
			isa = PBXVariantGroup;
			children = (
				96B01BC728937B7B00601078 /* Base */,
			);
			name = Main.storyboard;
			sourceTree = "<group>";
		};
		96B01BCB28937B8000601078 /* LaunchScreen.storyboard */ = {
			isa = PBXVariantGroup;
			children = (
				96B01BCC28937B8000601078 /* Base */,
			);
			name = LaunchScreen.storyboard;
			sourceTree = "<group>";
		};
/* End PBXVariantGroup section */

/* Begin XCBuildConfiguration section */
		96B01BD128937B8000601078 /* Debug */ = {
			isa = XCBuildConfiguration;
			buildSettings = {
				ALWAYS_SEARCH_USER_PATHS = NO;
				CLANG_ANALYZER_NONNULL = YES;
				CLANG_ANALYZER_NUMBER_OBJECT_CONVERSION = YES_AGGRESSIVE;
				CLANG_CXX_LANGUAGE_STANDARD = "gnu++17";
				CLANG_ENABLE_MODULES = YES;
				CLANG_ENABLE_OBJC_ARC = YES;
				CLANG_ENABLE_OBJC_WEAK = YES;
				CLANG_WARN_BLOCK_CAPTURE_AUTORELEASING = YES;
				CLANG_WARN_BOOL_CONVERSION = YES;
				CLANG_WARN_COMMA = YES;
				CLANG_WARN_CONSTANT_CONVERSION = YES;
				CLANG_WARN_DEPRECATED_OBJC_IMPLEMENTATIONS = YES;
				CLANG_WARN_DIRECT_OBJC_ISA_USAGE = YES_ERROR;
				CLANG_WARN_DOCUMENTATION_COMMENTS = YES;
				CLANG_WARN_EMPTY_BODY = YES;
				CLANG_WARN_ENUM_CONVERSION = YES;
				CLANG_WARN_INFINITE_RECURSION = YES;
				CLANG_WARN_INT_CONVERSION = YES;
				CLANG_WARN_NON_LITERAL_NULL_CONVERSION = YES;
				CLANG_WARN_OBJC_IMPLICIT_RETAIN_SELF = YES;
				CLANG_WARN_OBJC_LITERAL_CONVERSION = YES;
				CLANG_WARN_OBJC_ROOT_CLASS = YES_ERROR;
				CLANG_WARN_QUOTED_INCLUDE_IN_FRAMEWORK_HEADER = YES;
				CLANG_WARN_RANGE_LOOP_ANALYSIS = YES;
				CLANG_WARN_STRICT_PROTOTYPES = YES;
				CLANG_WARN_SUSPICIOUS_MOVE = YES;
				CLANG_WARN_UNGUARDED_AVAILABILITY = YES_AGGRESSIVE;
				CLANG_WARN_UNREACHABLE_CODE = YES;
				CLANG_WARN__DUPLICATE_METHOD_MATCH = YES;
				COPY_PHASE_STRIP = NO;
				DEBUG_INFORMATION_FORMAT = dwarf;
				ENABLE_STRICT_OBJC_MSGSEND = YES;
				ENABLE_TESTABILITY = YES;
				GCC_C_LANGUAGE_STANDARD = gnu11;
				GCC_DYNAMIC_NO_PIC = NO;
				GCC_NO_COMMON_BLOCKS = YES;
				GCC_OPTIMIZATION_LEVEL = 0;
				GCC_PREPROCESSOR_DEFINITIONS = (
					"DEBUG=1",
					"$(inherited)",
				);
				GCC_WARN_64_TO_32_BIT_CONVERSION = YES;
				GCC_WARN_ABOUT_RETURN_TYPE = YES_ERROR;
				GCC_WARN_UNDECLARED_SELECTOR = YES;
				GCC_WARN_UNINITIALIZED_AUTOS = YES_AGGRESSIVE;
				GCC_WARN_UNUSED_FUNCTION = YES;
				GCC_WARN_UNUSED_VARIABLE = YES;
				IPHONEOS_DEPLOYMENT_TARGET = 15.5;
				MTL_ENABLE_DEBUG_INFO = INCLUDE_SOURCE;
				MTL_FAST_MATH = YES;
				ONLY_ACTIVE_ARCH = YES;
				SDKROOT = iphoneos;
			};
			name = Debug;
		};
		96B01BD228937B8000601078 /* Release */ = {
			isa = XCBuildConfiguration;
			buildSettings = {
				ALWAYS_SEARCH_USER_PATHS = NO;
				CLANG_ANALYZER_NONNULL = YES;
				CLANG_ANALYZER_NUMBER_OBJECT_CONVERSION = YES_AGGRESSIVE;
				CLANG_CXX_LANGUAGE_STANDARD = "gnu++17";
				CLANG_ENABLE_MODULES = YES;
				CLANG_ENABLE_OBJC_ARC = YES;
				CLANG_ENABLE_OBJC_WEAK = YES;
				CLANG_WARN_BLOCK_CAPTURE_AUTORELEASING = YES;
				CLANG_WARN_BOOL_CONVERSION = YES;
				CLANG_WARN_COMMA = YES;
				CLANG_WARN_CONSTANT_CONVERSION = YES;
				CLANG_WARN_DEPRECATED_OBJC_IMPLEMENTATIONS = YES;
				CLANG_WARN_DIRECT_OBJC_ISA_USAGE = YES_ERROR;
				CLANG_WARN_DOCUMENTATION_COMMENTS = YES;
				CLANG_WARN_EMPTY_BODY = YES;
				CLANG_WARN_ENUM_CONVERSION = YES;
				CLANG_WARN_INFINITE_RECURSION = YES;
				CLANG_WARN_INT_CONVERSION = YES;
				CLANG_WARN_NON_LITERAL_NULL_CONVERSION = YES;
				CLANG_WARN_OBJC_IMPLICIT_RETAIN_SELF = YES;
				CLANG_WARN_OBJC_LITERAL_CONVERSION = YES;
				CLANG_WARN_OBJC_ROOT_CLASS = YES_ERROR;
				CLANG_WARN_QUOTED_INCLUDE_IN_FRAMEWORK_HEADER = YES;
				CLANG_WARN_RANGE_LOOP_ANALYSIS = YES;
				CLANG_WARN_STRICT_PROTOTYPES = YES;
				CLANG_WARN_SUSPICIOUS_MOVE = YES;
				CLANG_WARN_UNGUARDED_AVAILABILITY = YES_AGGRESSIVE;
				CLANG_WARN_UNREACHABLE_CODE = YES;
				CLANG_WARN__DUPLICATE_METHOD_MATCH = YES;
				COPY_PHASE_STRIP = NO;
				DEBUG_INFORMATION_FORMAT = "dwarf-with-dsym";
				ENABLE_NS_ASSERTIONS = NO;
				ENABLE_STRICT_OBJC_MSGSEND = YES;
				GCC_C_LANGUAGE_STANDARD = gnu11;
				GCC_NO_COMMON_BLOCKS = YES;
				GCC_WARN_64_TO_32_BIT_CONVERSION = YES;
				GCC_WARN_ABOUT_RETURN_TYPE = YES_ERROR;
				GCC_WARN_UNDECLARED_SELECTOR = YES;
				GCC_WARN_UNINITIALIZED_AUTOS = YES_AGGRESSIVE;
				GCC_WARN_UNUSED_FUNCTION = YES;
				GCC_WARN_UNUSED_VARIABLE = YES;
				IPHONEOS_DEPLOYMENT_TARGET = 15.5;
				MTL_ENABLE_DEBUG_INFO = NO;
				MTL_FAST_MATH = YES;
				SDKROOT = iphoneos;
				VALIDATE_PRODUCT = YES;
			};
			name = Release;
		};
		96B01BD428937B8000601078 /* Debug */ = {
			isa = XCBuildConfiguration;
			baseConfigurationReference = 119D5594C33D2CB2E4C19F13 /* Pods-StringReplace.debug.xcconfig */;
			buildSettings = {
				ASSETCATALOG_COMPILER_APPICON_NAME = AppIcon;
				ASSETCATALOG_COMPILER_GLOBAL_ACCENT_COLOR_NAME = AccentColor;
				CODE_SIGN_STYLE = Automatic;
				CURRENT_PROJECT_VERSION = 1;
				GENERATE_INFOPLIST_FILE = YES;
				INFOPLIST_FILE = StringReplace/Info.plist;
				INFOPLIST_KEY_UIApplicationSupportsIndirectInputEvents = YES;
				INFOPLIST_KEY_UILaunchStoryboardName = LaunchScreen;
				INFOPLIST_KEY_UIMainStoryboardFile = Main;
				INFOPLIST_KEY_UISupportedInterfaceOrientations_iPad = "UIInterfaceOrientationPortrait UIInterfaceOrientationPortraitUpsideDown UIInterfaceOrientationLandscapeLeft UIInterfaceOrientationLandscapeRight";
				INFOPLIST_KEY_UISupportedInterfaceOrientations_iPhone = "UIInterfaceOrientationPortrait UIInterfaceOrientationLandscapeLeft UIInterfaceOrientationLandscapeRight";
				LD_RUNPATH_SEARCH_PATHS = (
					"$(inherited)",
					"@executable_path/Frameworks",
				);
				MARKETING_VERSION = 1.0;
				PRODUCT_BUNDLE_IDENTIFIER = com.lazyloading.StringReplace;
				PRODUCT_NAME = "$(TARGET_NAME)";
				SWIFT_EMIT_LOC_STRINGS = YES;
				TARGETED_DEVICE_FAMILY = "1,2";
			};
			name = Debug;
		};
		96B01BD528937B8000601078 /* Release */ = {
			isa = XCBuildConfiguration;
			baseConfigurationReference = 6F258D2DAB46A177291227B3 /* Pods-StringReplace.release.xcconfig */;
			buildSettings = {
				ASSETCATALOG_COMPILER_APPICON_NAME = AppIcon;
				ASSETCATALOG_COMPILER_GLOBAL_ACCENT_COLOR_NAME = AccentColor;
				CODE_SIGN_STYLE = Automatic;
				CURRENT_PROJECT_VERSION = 1;
				GENERATE_INFOPLIST_FILE = YES;
				INFOPLIST_FILE = StringReplace/Info.plist;
				INFOPLIST_KEY_UIApplicationSupportsIndirectInputEvents = YES;
				INFOPLIST_KEY_UILaunchStoryboardName = LaunchScreen;
				INFOPLIST_KEY_UIMainStoryboardFile = Main;
				INFOPLIST_KEY_UISupportedInterfaceOrientations_iPad = "UIInterfaceOrientationPortrait UIInterfaceOrientationPortraitUpsideDown UIInterfaceOrientationLandscapeLeft UIInterfaceOrientationLandscapeRight";
				INFOPLIST_KEY_UISupportedInterfaceOrientations_iPhone = "UIInterfaceOrientationPortrait UIInterfaceOrientationLandscapeLeft UIInterfaceOrientationLandscapeRight";
				LD_RUNPATH_SEARCH_PATHS = (
					"$(inherited)",
					"@executable_path/Frameworks",
				);
				MARKETING_VERSION = 1.0;
				PRODUCT_BUNDLE_IDENTIFIER = com.lazyloading.StringReplace;
				PRODUCT_NAME = "$(TARGET_NAME)";
				SWIFT_EMIT_LOC_STRINGS = YES;
				TARGETED_DEVICE_FAMILY = "1,2";
			};
			name = Release;
		};
/* End XCBuildConfiguration section */

/* Begin XCConfigurationList section */
		96B01BB528937B7B00601078 /* Build configuration list for PBXProject "StringReplace" */ = {
			isa = XCConfigurationList;
			buildConfigurations = (
				96B01BD128937B8000601078 /* Debug */,
				96B01BD228937B8000601078 /* Release */,
			);
			defaultConfigurationIsVisible = 0;
			defaultConfigurationName = Release;
		};
		96B01BD328937B8000601078 /* Build configuration list for PBXNativeTarget "StringReplace" */ = {
			isa = XCConfigurationList;
			buildConfigurations = (
				96B01BD428937B8000601078 /* Debug */,
				96B01BD528937B8000601078 /* Release */,
			);
			defaultConfigurationIsVisible = 0;
			defaultConfigurationName = Release;
		};
/* End XCConfigurationList section */
	};
	rootObject = 96B01BB228937B7B00601078 /* Project object */;
}
